// !$*UTF8*$!
{
	archiveVersion = 1;
	classes = {
	};
	objectVersion = 56;
	objects = {

/* Begin PBXBuildFile section */
		A23F9CE928EC793B000D9E3D /* Animation.swift in Sources */ = {isa = PBXBuildFile; fileRef = A23F9CE828EC793B000D9E3D /* Animation.swift */; };
		A23F9CEC28EC7A89000D9E3D /* Assets.xcassets in Resources */ = {isa = PBXBuildFile; fileRef = A23F9CEB28EC7A89000D9E3D /* Assets.xcassets */; };
		A2F982EE28E7C09000ABA8CA /* Kingfisher in Frameworks */ = {isa = PBXBuildFile; productRef = A2F982ED28E7C09000ABA8CA /* Kingfisher */; };
		A2F982F128E7C0E100ABA8CA /* Lottie in Frameworks */ = {isa = PBXBuildFile; productRef = A2F982F028E7C0E100ABA8CA /* Lottie */; };
		A2F982F428E7C10500ABA8CA /* SnapKit in Frameworks */ = {isa = PBXBuildFile; productRef = A2F982F328E7C10500ABA8CA /* SnapKit */; };
		A2F982FA28E7C19C00ABA8CA /* 90478-disconnect.json in Resources */ = {isa = PBXBuildFile; fileRef = A2F982F928E7C19C00ABA8CA /* 90478-disconnect.json */; };
		A2F982FC28E7C1BE00ABA8CA /* ConnectionViewController.swift in Sources */ = {isa = PBXBuildFile; fileRef = A2F982FB28E7C1BE00ABA8CA /* ConnectionViewController.swift */; };
		A2F982FF28E7D0EC00ABA8CA /* ConnectionViewModel.swift in Sources */ = {isa = PBXBuildFile; fileRef = A2F982FE28E7D0EC00ABA8CA /* ConnectionViewModel.swift */; };
		A2FDEA8528EC9866000B09A7 /* Color.swift in Sources */ = {isa = PBXBuildFile; fileRef = A2FDEA8428EC9866000B09A7 /* Color.swift */; };
		A2FDEA8728EC98D6000B09A7 /* UIColor.swift in Sources */ = {isa = PBXBuildFile; fileRef = A2FDEA8628EC98D6000B09A7 /* UIColor.swift */; };
/* End PBXBuildFile section */

/* Begin PBXFileReference section */
		A23F9CE828EC793B000D9E3D /* Animation.swift */ = {isa = PBXFileReference; lastKnownFileType = sourcecode.swift; path = Animation.swift; sourceTree = "<group>"; };
		A23F9CEB28EC7A89000D9E3D /* Assets.xcassets */ = {isa = PBXFileReference; lastKnownFileType = folder.assetcatalog; path = Assets.xcassets; sourceTree = "<group>"; };
		A2F982E228E7BE4300ABA8CA /* Presentation.framework */ = {isa = PBXFileReference; explicitFileType = wrapper.framework; includeInIndex = 0; path = Presentation.framework; sourceTree = BUILT_PRODUCTS_DIR; };
		A2F982F928E7C19C00ABA8CA /* 90478-disconnect.json */ = {isa = PBXFileReference; fileEncoding = 4; lastKnownFileType = text.json; path = "90478-disconnect.json"; sourceTree = "<group>"; };
		A2F982FB28E7C1BE00ABA8CA /* ConnectionViewController.swift */ = {isa = PBXFileReference; lastKnownFileType = sourcecode.swift; path = ConnectionViewController.swift; sourceTree = "<group>"; };
		A2F982FE28E7D0EC00ABA8CA /* ConnectionViewModel.swift */ = {isa = PBXFileReference; lastKnownFileType = sourcecode.swift; path = ConnectionViewModel.swift; sourceTree = "<group>"; };
		A2FDEA8428EC9866000B09A7 /* Color.swift */ = {isa = PBXFileReference; lastKnownFileType = sourcecode.swift; path = Color.swift; sourceTree = "<group>"; };
		A2FDEA8628EC98D6000B09A7 /* UIColor.swift */ = {isa = PBXFileReference; lastKnownFileType = sourcecode.swift; path = UIColor.swift; sourceTree = "<group>"; };
/* End PBXFileReference section */

/* Begin PBXFrameworksBuildPhase section */
		A2F982DF28E7BE4300ABA8CA /* Frameworks */ = {
			isa = PBXFrameworksBuildPhase;
			buildActionMask = 2147483647;
			files = (
				A2F982F428E7C10500ABA8CA /* SnapKit in Frameworks */,
				A2F982EE28E7C09000ABA8CA /* Kingfisher in Frameworks */,
				A2F982F128E7C0E100ABA8CA /* Lottie in Frameworks */,
			);
			runOnlyForDeploymentPostprocessing = 0;
		};
/* End PBXFrameworksBuildPhase section */

/* Begin PBXGroup section */
		A23F9CEA28EC7A21000D9E3D /* Extensions */ = {
			isa = PBXGroup;
			children = (
				A23F9CE828EC793B000D9E3D /* Animation.swift */,
				A2FDEA8628EC98D6000B09A7 /* UIColor.swift */,
			);
			path = Extensions;
			sourceTree = "<group>";
		};
		A2F982D828E7BE4300ABA8CA = {
			isa = PBXGroup;
			children = (
				A2F982FD28E7C42C00ABA8CA /* Connection */,
				A2FDEA8828ECA11A000B09A7 /* Tokens */,
				A23F9CEA28EC7A21000D9E3D /* Extensions */,
				A2F982F828E7C17200ABA8CA /* Resources */,
				A2F982E328E7BE4300ABA8CA /* Products */,
			);
			sourceTree = "<group>";
		};
		A2F982E328E7BE4300ABA8CA /* Products */ = {
			isa = PBXGroup;
			children = (
				A2F982E228E7BE4300ABA8CA /* Presentation.framework */,
			);
			name = Products;
			sourceTree = "<group>";
		};
		A2F982F828E7C17200ABA8CA /* Resources */ = {
			isa = PBXGroup;
			children = (
				A2F982F928E7C19C00ABA8CA /* 90478-disconnect.json */,
				A23F9CEB28EC7A89000D9E3D /* Assets.xcassets */,
			);
			path = Resources;
			sourceTree = "<group>";
		};
		A2F982FD28E7C42C00ABA8CA /* Connection */ = {
			isa = PBXGroup;
			children = (
				A2F982FB28E7C1BE00ABA8CA /* ConnectionViewController.swift */,
				A2F982FE28E7D0EC00ABA8CA /* ConnectionViewModel.swift */,
			);
			path = Connection;
			sourceTree = "<group>";
		};
		A2FDEA8828ECA11A000B09A7 /* Tokens */ = {
			isa = PBXGroup;
			children = (
				A2FDEA8428EC9866000B09A7 /* Color.swift */,
			);
			path = Tokens;
			sourceTree = "<group>";
		};
/* End PBXGroup section */

/* Begin PBXHeadersBuildPhase section */
		A2F982DD28E7BE4300ABA8CA /* Headers */ = {
			isa = PBXHeadersBuildPhase;
			buildActionMask = 2147483647;
			files = (
			);
			runOnlyForDeploymentPostprocessing = 0;
		};
/* End PBXHeadersBuildPhase section */

/* Begin PBXNativeTarget section */
		A2F982E128E7BE4300ABA8CA /* Presentation */ = {
			isa = PBXNativeTarget;
			buildConfigurationList = A2F982E928E7BE4300ABA8CA /* Build configuration list for PBXNativeTarget "Presentation" */;
			buildPhases = (
				A2F982DD28E7BE4300ABA8CA /* Headers */,
				A2F982DE28E7BE4300ABA8CA /* Sources */,
				A2F982DF28E7BE4300ABA8CA /* Frameworks */,
				A2F982E028E7BE4300ABA8CA /* Resources */,
			);
			buildRules = (
			);
			dependencies = (
			);
			name = Presentation;
			packageProductDependencies = (
				A2F982ED28E7C09000ABA8CA /* Kingfisher */,
				A2F982F028E7C0E100ABA8CA /* Lottie */,
				A2F982F328E7C10500ABA8CA /* SnapKit */,
			);
			productName = Presentation;
			productReference = A2F982E228E7BE4300ABA8CA /* Presentation.framework */;
			productType = "com.apple.product-type.framework";
		};
/* End PBXNativeTarget section */

/* Begin PBXProject section */
		A2F982D928E7BE4300ABA8CA /* Project object */ = {
			isa = PBXProject;
			attributes = {
				BuildIndependentTargetsInParallel = 1;
				LastUpgradeCheck = 1400;
				TargetAttributes = {
					A2F982E128E7BE4300ABA8CA = {
						CreatedOnToolsVersion = 14.0.1;
						LastSwiftMigration = 1400;
					};
				};
			};
			buildConfigurationList = A2F982DC28E7BE4300ABA8CA /* Build configuration list for PBXProject "Presentation" */;
			compatibilityVersion = "Xcode 14.0";
			developmentRegion = en;
			hasScannedForEncodings = 0;
			knownRegions = (
				en,
				Base,
			);
			mainGroup = A2F982D828E7BE4300ABA8CA;
			packageReferences = (
				A2F982EC28E7C08F00ABA8CA /* XCRemoteSwiftPackageReference "Kingfisher" */,
				A2F982EF28E7C0E100ABA8CA /* XCRemoteSwiftPackageReference "lottie-ios" */,
				A2F982F228E7C10400ABA8CA /* XCRemoteSwiftPackageReference "SnapKit" */,
			);
			productRefGroup = A2F982E328E7BE4300ABA8CA /* Products */;
			projectDirPath = "";
			projectRoot = "";
			targets = (
				A2F982E128E7BE4300ABA8CA /* Presentation */,
			);
		};
/* End PBXProject section */

/* Begin PBXResourcesBuildPhase section */
		A2F982E028E7BE4300ABA8CA /* Resources */ = {
			isa = PBXResourcesBuildPhase;
			buildActionMask = 2147483647;
			files = (
				A23F9CEC28EC7A89000D9E3D /* Assets.xcassets in Resources */,
				A2F982FA28E7C19C00ABA8CA /* 90478-disconnect.json in Resources */,
			);
			runOnlyForDeploymentPostprocessing = 0;
		};
/* End PBXResourcesBuildPhase section */

/* Begin PBXSourcesBuildPhase section */
		A2F982DE28E7BE4300ABA8CA /* Sources */ = {
			isa = PBXSourcesBuildPhase;
			buildActionMask = 2147483647;
			files = (
				A2F982FF28E7D0EC00ABA8CA /* ConnectionViewModel.swift in Sources */,
				A2FDEA8528EC9866000B09A7 /* Color.swift in Sources */,
				A23F9CE928EC793B000D9E3D /* Animation.swift in Sources */,
				A2F982FC28E7C1BE00ABA8CA /* ConnectionViewController.swift in Sources */,
				A2FDEA8728EC98D6000B09A7 /* UIColor.swift in Sources */,
			);
			runOnlyForDeploymentPostprocessing = 0;
		};
/* End PBXSourcesBuildPhase section */

/* Begin XCBuildConfiguration section */
		A2F982E728E7BE4300ABA8CA /* Debug */ = {
			isa = XCBuildConfiguration;
			buildSettings = {
				ALWAYS_SEARCH_USER_PATHS = NO;
				CLANG_ANALYZER_NONNULL = YES;
				CLANG_ANALYZER_NUMBER_OBJECT_CONVERSION = YES_AGGRESSIVE;
				CLANG_CXX_LANGUAGE_STANDARD = "gnu++20";
				CLANG_ENABLE_MODULES = YES;
				CLANG_ENABLE_OBJC_ARC = YES;
				CLANG_ENABLE_OBJC_WEAK = YES;
				CLANG_WARN_BLOCK_CAPTURE_AUTORELEASING = YES;
				CLANG_WARN_BOOL_CONVERSION = YES;
				CLANG_WARN_COMMA = YES;
				CLANG_WARN_CONSTANT_CONVERSION = YES;
				CLANG_WARN_DEPRECATED_OBJC_IMPLEMENTATIONS = YES;
				CLANG_WARN_DIRECT_OBJC_ISA_USAGE = YES_ERROR;
				CLANG_WARN_DOCUMENTATION_COMMENTS = YES;
				CLANG_WARN_EMPTY_BODY = YES;
				CLANG_WARN_ENUM_CONVERSION = YES;
				CLANG_WARN_INFINITE_RECURSION = YES;
				CLANG_WARN_INT_CONVERSION = YES;
				CLANG_WARN_NON_LITERAL_NULL_CONVERSION = YES;
				CLANG_WARN_OBJC_IMPLICIT_RETAIN_SELF = YES;
				CLANG_WARN_OBJC_LITERAL_CONVERSION = YES;
				CLANG_WARN_OBJC_ROOT_CLASS = YES_ERROR;
				CLANG_WARN_QUOTED_INCLUDE_IN_FRAMEWORK_HEADER = YES;
				CLANG_WARN_RANGE_LOOP_ANALYSIS = YES;
				CLANG_WARN_STRICT_PROTOTYPES = YES;
				CLANG_WARN_SUSPICIOUS_MOVE = YES;
				CLANG_WARN_UNGUARDED_AVAILABILITY = YES_AGGRESSIVE;
				CLANG_WARN_UNREACHABLE_CODE = YES;
				CLANG_WARN__DUPLICATE_METHOD_MATCH = YES;
				COPY_PHASE_STRIP = NO;
				CURRENT_PROJECT_VERSION = 1;
				DEBUG_INFORMATION_FORMAT = dwarf;
				ENABLE_STRICT_OBJC_MSGSEND = YES;
				ENABLE_TESTABILITY = YES;
				GCC_C_LANGUAGE_STANDARD = gnu11;
				GCC_DYNAMIC_NO_PIC = NO;
				GCC_NO_COMMON_BLOCKS = YES;
				GCC_OPTIMIZATION_LEVEL = 0;
				GCC_PREPROCESSOR_DEFINITIONS = (
					"DEBUG=1",
					"$(inherited)",
				);
				GCC_WARN_64_TO_32_BIT_CONVERSION = YES;
				GCC_WARN_ABOUT_RETURN_TYPE = YES_ERROR;
				GCC_WARN_UNDECLARED_SELECTOR = YES;
				GCC_WARN_UNINITIALIZED_AUTOS = YES_AGGRESSIVE;
				GCC_WARN_UNUSED_FUNCTION = YES;
				GCC_WARN_UNUSED_VARIABLE = YES;
				IPHONEOS_DEPLOYMENT_TARGET = 13.0;
				MTL_ENABLE_DEBUG_INFO = INCLUDE_SOURCE;
				MTL_FAST_MATH = YES;
				ONLY_ACTIVE_ARCH = YES;
				SDKROOT = iphoneos;
				SWIFT_ACTIVE_COMPILATION_CONDITIONS = DEBUG;
				SWIFT_OPTIMIZATION_LEVEL = "-Onone";
				VERSIONING_SYSTEM = "apple-generic";
				VERSION_INFO_PREFIX = "";
			};
			name = Debug;
		};
		A2F982E828E7BE4300ABA8CA /* Release */ = {
			isa = XCBuildConfiguration;
			buildSettings = {
				ALWAYS_SEARCH_USER_PATHS = NO;
				CLANG_ANALYZER_NONNULL = YES;
				CLANG_ANALYZER_NUMBER_OBJECT_CONVERSION = YES_AGGRESSIVE;
				CLANG_CXX_LANGUAGE_STANDARD = "gnu++20";
				CLANG_ENABLE_MODULES = YES;
				CLANG_ENABLE_OBJC_ARC = YES;
				CLANG_ENABLE_OBJC_WEAK = YES;
				CLANG_WARN_BLOCK_CAPTURE_AUTORELEASING = YES;
				CLANG_WARN_BOOL_CONVERSION = YES;
				CLANG_WARN_COMMA = YES;
				CLANG_WARN_CONSTANT_CONVERSION = YES;
				CLANG_WARN_DEPRECATED_OBJC_IMPLEMENTATIONS = YES;
				CLANG_WARN_DIRECT_OBJC_ISA_USAGE = YES_ERROR;
				CLANG_WARN_DOCUMENTATION_COMMENTS = YES;
				CLANG_WARN_EMPTY_BODY = YES;
				CLANG_WARN_ENUM_CONVERSION = YES;
				CLANG_WARN_INFINITE_RECURSION = YES;
				CLANG_WARN_INT_CONVERSION = YES;
				CLANG_WARN_NON_LITERAL_NULL_CONVERSION = YES;
				CLANG_WARN_OBJC_IMPLICIT_RETAIN_SELF = YES;
				CLANG_WARN_OBJC_LITERAL_CONVERSION = YES;
				CLANG_WARN_OBJC_ROOT_CLASS = YES_ERROR;
				CLANG_WARN_QUOTED_INCLUDE_IN_FRAMEWORK_HEADER = YES;
				CLANG_WARN_RANGE_LOOP_ANALYSIS = YES;
				CLANG_WARN_STRICT_PROTOTYPES = YES;
				CLANG_WARN_SUSPICIOUS_MOVE = YES;
				CLANG_WARN_UNGUARDED_AVAILABILITY = YES_AGGRESSIVE;
				CLANG_WARN_UNREACHABLE_CODE = YES;
				CLANG_WARN__DUPLICATE_METHOD_MATCH = YES;
				COPY_PHASE_STRIP = NO;
				CURRENT_PROJECT_VERSION = 1;
				DEBUG_INFORMATION_FORMAT = "dwarf-with-dsym";
				ENABLE_NS_ASSERTIONS = NO;
				ENABLE_STRICT_OBJC_MSGSEND = YES;
				GCC_C_LANGUAGE_STANDARD = gnu11;
				GCC_NO_COMMON_BLOCKS = YES;
				GCC_WARN_64_TO_32_BIT_CONVERSION = YES;
				GCC_WARN_ABOUT_RETURN_TYPE = YES_ERROR;
				GCC_WARN_UNDECLARED_SELECTOR = YES;
				GCC_WARN_UNINITIALIZED_AUTOS = YES_AGGRESSIVE;
				GCC_WARN_UNUSED_FUNCTION = YES;
				GCC_WARN_UNUSED_VARIABLE = YES;
				IPHONEOS_DEPLOYMENT_TARGET = 13.0;
				MTL_ENABLE_DEBUG_INFO = NO;
				MTL_FAST_MATH = YES;
				SDKROOT = iphoneos;
				SWIFT_COMPILATION_MODE = wholemodule;
				SWIFT_OPTIMIZATION_LEVEL = "-O";
				VALIDATE_PRODUCT = YES;
				VERSIONING_SYSTEM = "apple-generic";
				VERSION_INFO_PREFIX = "";
			};
			name = Release;
		};
		A2F982EA28E7BE4300ABA8CA /* Debug */ = {
			isa = XCBuildConfiguration;
			buildSettings = {
				CLANG_ENABLE_MODULES = YES;
				CODE_SIGN_STYLE = Automatic;
				CURRENT_PROJECT_VERSION = 1;
				DEFINES_MODULE = YES;
				DYLIB_COMPATIBILITY_VERSION = 1;
				DYLIB_CURRENT_VERSION = 1;
				DYLIB_INSTALL_NAME_BASE = "@rpath";
				GENERATE_INFOPLIST_FILE = YES;
				INFOPLIST_KEY_NSHumanReadableCopyright = "";
				INSTALL_PATH = "$(LOCAL_LIBRARY_DIR)/Frameworks";
				LD_RUNPATH_SEARCH_PATHS = (
					"$(inherited)",
					"@executable_path/Frameworks",
					"@loader_path/Frameworks",
				);
				MARKETING_VERSION = 1.0;
				PRODUCT_BUNDLE_IDENTIFIER = com.smoothie.Presentation;
				PRODUCT_NAME = "$(TARGET_NAME:c99extidentifier)";
				SKIP_INSTALL = YES;
				SUPPORTED_PLATFORMS = "iphoneos iphonesimulator";
				SUPPORTS_MACCATALYST = NO;
				SUPPORTS_MAC_DESIGNED_FOR_IPHONE_IPAD = NO;
				SWIFT_EMIT_LOC_STRINGS = YES;
				SWIFT_OPTIMIZATION_LEVEL = "-Onone";
				SWIFT_VERSION = 5.0;
				TARGETED_DEVICE_FAMILY = 1;
			};
			name = Debug;
		};
		A2F982EB28E7BE4300ABA8CA /* Release */ = {
			isa = XCBuildConfiguration;
			buildSettings = {
				CLANG_ENABLE_MODULES = YES;
				CODE_SIGN_STYLE = Automatic;
				CURRENT_PROJECT_VERSION = 1;
				DEFINES_MODULE = YES;
				DYLIB_COMPATIBILITY_VERSION = 1;
				DYLIB_CURRENT_VERSION = 1;
				DYLIB_INSTALL_NAME_BASE = "@rpath";
				GENERATE_INFOPLIST_FILE = YES;
				INFOPLIST_KEY_NSHumanReadableCopyright = "";
				INSTALL_PATH = "$(LOCAL_LIBRARY_DIR)/Frameworks";
				LD_RUNPATH_SEARCH_PATHS = (
					"$(inherited)",
					"@executable_path/Frameworks",
					"@loader_path/Frameworks",
				);
				MARKETING_VERSION = 1.0;
				PRODUCT_BUNDLE_IDENTIFIER = com.smoothie.Presentation;
				PRODUCT_NAME = "$(TARGET_NAME:c99extidentifier)";
				SKIP_INSTALL = YES;
				SUPPORTED_PLATFORMS = "iphoneos iphonesimulator";
				SUPPORTS_MACCATALYST = NO;
				SUPPORTS_MAC_DESIGNED_FOR_IPHONE_IPAD = NO;
				SWIFT_EMIT_LOC_STRINGS = YES;
				SWIFT_VERSION = 5.0;
				TARGETED_DEVICE_FAMILY = 1;
			};
			name = Release;
		};
/* End XCBuildConfiguration section */

/* Begin XCConfigurationList section */
		A2F982DC28E7BE4300ABA8CA /* Build configuration list for PBXProject "Presentation" */ = {
			isa = XCConfigurationList;
			buildConfigurations = (
				A2F982E728E7BE4300ABA8CA /* Debug */,
				A2F982E828E7BE4300ABA8CA /* Release */,
			);
			defaultConfigurationIsVisible = 0;
			defaultConfigurationName = Release;
		};
		A2F982E928E7BE4300ABA8CA /* Build configuration list for PBXNativeTarget "Presentation" */ = {
			isa = XCConfigurationList;
			buildConfigurations = (
				A2F982EA28E7BE4300ABA8CA /* Debug */,
				A2F982EB28E7BE4300ABA8CA /* Release */,
			);
			defaultConfigurationIsVisible = 0;
			defaultConfigurationName = Release;
		};
/* End XCConfigurationList section */

/* Begin XCRemoteSwiftPackageReference section */
		A2F982EC28E7C08F00ABA8CA /* XCRemoteSwiftPackageReference "Kingfisher" */ = {
			isa = XCRemoteSwiftPackageReference;
			repositoryURL = "https://github.com/onevcat/Kingfisher";
			requirement = {
				kind = upToNextMajorVersion;
				minimumVersion = 7.0.0;
			};
		};
		A2F982EF28E7C0E100ABA8CA /* XCRemoteSwiftPackageReference "lottie-ios" */ = {
			isa = XCRemoteSwiftPackageReference;
			repositoryURL = "https://github.com/airbnb/lottie-ios.git";
			requirement = {
				kind = upToNextMajorVersion;
				minimumVersion = 3.0.0;
			};
		};
		A2F982F228E7C10400ABA8CA /* XCRemoteSwiftPackageReference "SnapKit" */ = {
			isa = XCRemoteSwiftPackageReference;
			repositoryURL = "https://github.com/SnapKit/SnapKit";
			requirement = {
				kind = upToNextMajorVersion;
				minimumVersion = 5.0.0;
			};
		};
/* End XCRemoteSwiftPackageReference section */

/* Begin XCSwiftPackageProductDependency section */
		A2F982ED28E7C09000ABA8CA /* Kingfisher */ = {
			isa = XCSwiftPackageProductDependency;
			package = A2F982EC28E7C08F00ABA8CA /* XCRemoteSwiftPackageReference "Kingfisher" */;
			productName = Kingfisher;
		};
		A2F982F028E7C0E100ABA8CA /* Lottie */ = {
			isa = XCSwiftPackageProductDependency;
			package = A2F982EF28E7C0E100ABA8CA /* XCRemoteSwiftPackageReference "lottie-ios" */;
			productName = Lottie;
		};
		A2F982F328E7C10500ABA8CA /* SnapKit */ = {
			isa = XCSwiftPackageProductDependency;
			package = A2F982F228E7C10400ABA8CA /* XCRemoteSwiftPackageReference "SnapKit" */;
			productName = SnapKit;
		};
/* End XCSwiftPackageProductDependency section */
	};
	rootObject = A2F982D928E7BE4300ABA8CA /* Project object */;
}
