// !$*UTF8*$!
{
	archiveVersion = 1;
	classes = {
	};
	objectVersion = 56;
	objects = {

/* Begin PBXBuildFile section */
		A20DD2FC28D7FB4000CC08C5 /* SmoothiesRepositoryInterface.swift in Sources */ = {isa = PBXBuildFile; fileRef = A20DD2F428D7FB4000CC08C5 /* SmoothiesRepositoryInterface.swift */; };
		A20DD2FD28D7FB4000CC08C5 /* FruitsRepositoryInterface.swift in Sources */ = {isa = PBXBuildFile; fileRef = A20DD2F528D7FB4000CC08C5 /* FruitsRepositoryInterface.swift */; };
		A20DD2FE28D7FB4000CC08C5 /* Fruit.swift in Sources */ = {isa = PBXBuildFile; fileRef = A20DD2F728D7FB4000CC08C5 /* Fruit.swift */; };
		A20DD2FF28D7FB4000CC08C5 /* Smoothie.swift in Sources */ = {isa = PBXBuildFile; fileRef = A20DD2F828D7FB4000CC08C5 /* Smoothie.swift */; };
		A20DD30028D7FB4000CC08C5 /* GetFruitsUseCase.swift in Sources */ = {isa = PBXBuildFile; fileRef = A20DD2FA28D7FB4000CC08C5 /* GetFruitsUseCase.swift */; };
		A20DD30128D7FB4000CC08C5 /* GetSmoothiesUseCase.swift in Sources */ = {isa = PBXBuildFile; fileRef = A20DD2FB28D7FB4000CC08C5 /* GetSmoothiesUseCase.swift */; };
		A20DD30A28D7FB6400CC08C5 /* Domain.framework in Frameworks */ = {isa = PBXBuildFile; fileRef = A298AD0528D7FAEE0045DD73 /* Domain.framework */; };
		A21E9DD928E74070006A6EB8 /* GetFruitsUseCaseTests.swift in Sources */ = {isa = PBXBuildFile; fileRef = A21E9DD828E74070006A6EB8 /* GetFruitsUseCaseTests.swift */; };
		A21E9DDB28E743F6006A6EB8 /* DomainTestsHelper.swift in Sources */ = {isa = PBXBuildFile; fileRef = A21E9DDA28E743F6006A6EB8 /* DomainTestsHelper.swift */; };
		A21E9DDE28E74C0A006A6EB8 /* FruitsRepositoryMock.swift in Sources */ = {isa = PBXBuildFile; fileRef = A21E9DDD28E74C0A006A6EB8 /* FruitsRepositoryMock.swift */; };
		A21E9DE128E74F7C006A6EB8 /* GetSmoothiesUseCaseTests.swift in Sources */ = {isa = PBXBuildFile; fileRef = A21E9DE028E74F7C006A6EB8 /* GetSmoothiesUseCaseTests.swift */; };
		A21E9DE328E7508A006A6EB8 /* SmoothiesRepositoryMock.swift in Sources */ = {isa = PBXBuildFile; fileRef = A21E9DE228E7508A006A6EB8 /* SmoothiesRepositoryMock.swift */; };
		A21E9DE528E753B0006A6EB8 /* GetSmoothieUseCase.swift in Sources */ = {isa = PBXBuildFile; fileRef = A21E9DE428E753B0006A6EB8 /* GetSmoothieUseCase.swift */; };
		A21E9DE728E754C8006A6EB8 /* GetSmoothieUseCaseTests.swift in Sources */ = {isa = PBXBuildFile; fileRef = A21E9DE628E754C8006A6EB8 /* GetSmoothieUseCaseTests.swift */; };
		A22A376828E775FC009F58AC /* GetSmoothieTagsUseCase.swift in Sources */ = {isa = PBXBuildFile; fileRef = A22A376728E775FC009F58AC /* GetSmoothieTagsUseCase.swift */; };
		A22A376A28E77F40009F58AC /* GetSmoothieTagsUseCaseTests.swift in Sources */ = {isa = PBXBuildFile; fileRef = A22A376928E77F40009F58AC /* GetSmoothieTagsUseCaseTests.swift */; };
		A281E1C728D943D90027B358 /* FruitNutrition.swift in Sources */ = {isa = PBXBuildFile; fileRef = A281E1C628D943D90027B358 /* FruitNutrition.swift */; };
		A281E1C928D9443E0027B358 /* SmoothieStep.swift in Sources */ = {isa = PBXBuildFile; fileRef = A281E1C828D9443E0027B358 /* SmoothieStep.swift */; };
		A281E1CB28D9446A0027B358 /* SmoothieRecommended.swift in Sources */ = {isa = PBXBuildFile; fileRef = A281E1CA28D9446A0027B358 /* SmoothieRecommended.swift */; };
		A281E1CD28D944A10027B358 /* SmoothieNutrition.swift in Sources */ = {isa = PBXBuildFile; fileRef = A281E1CC28D944A10027B358 /* SmoothieNutrition.swift */; };
		A281E1CF28D944CC0027B358 /* SmoothieTip.swift in Sources */ = {isa = PBXBuildFile; fileRef = A281E1CE28D944CC0027B358 /* SmoothieTip.swift */; };
/* End PBXBuildFile section */

/* Begin PBXContainerItemProxy section */
		A20DD30B28D7FB6400CC08C5 /* PBXContainerItemProxy */ = {
			isa = PBXContainerItemProxy;
			containerPortal = A298ACFC28D7FAEE0045DD73 /* Project object */;
			proxyType = 1;
			remoteGlobalIDString = A298AD0428D7FAEE0045DD73;
			remoteInfo = Domain;
		};
/* End PBXContainerItemProxy section */

/* Begin PBXFileReference section */
		A20DD2F428D7FB4000CC08C5 /* SmoothiesRepositoryInterface.swift */ = {isa = PBXFileReference; fileEncoding = 4; lastKnownFileType = sourcecode.swift; path = SmoothiesRepositoryInterface.swift; sourceTree = "<group>"; };
		A20DD2F528D7FB4000CC08C5 /* FruitsRepositoryInterface.swift */ = {isa = PBXFileReference; fileEncoding = 4; lastKnownFileType = sourcecode.swift; path = FruitsRepositoryInterface.swift; sourceTree = "<group>"; };
		A20DD2F728D7FB4000CC08C5 /* Fruit.swift */ = {isa = PBXFileReference; fileEncoding = 4; lastKnownFileType = sourcecode.swift; path = Fruit.swift; sourceTree = "<group>"; };
		A20DD2F828D7FB4000CC08C5 /* Smoothie.swift */ = {isa = PBXFileReference; fileEncoding = 4; lastKnownFileType = sourcecode.swift; path = Smoothie.swift; sourceTree = "<group>"; };
		A20DD2FA28D7FB4000CC08C5 /* GetFruitsUseCase.swift */ = {isa = PBXFileReference; fileEncoding = 4; lastKnownFileType = sourcecode.swift; path = GetFruitsUseCase.swift; sourceTree = "<group>"; };
		A20DD2FB28D7FB4000CC08C5 /* GetSmoothiesUseCase.swift */ = {isa = PBXFileReference; fileEncoding = 4; lastKnownFileType = sourcecode.swift; path = GetSmoothiesUseCase.swift; sourceTree = "<group>"; };
		A20DD30628D7FB6400CC08C5 /* DomainUnitTests.xctest */ = {isa = PBXFileReference; explicitFileType = wrapper.cfbundle; includeInIndex = 0; path = DomainUnitTests.xctest; sourceTree = BUILT_PRODUCTS_DIR; };
		A21E9DD828E74070006A6EB8 /* GetFruitsUseCaseTests.swift */ = {isa = PBXFileReference; lastKnownFileType = sourcecode.swift; path = GetFruitsUseCaseTests.swift; sourceTree = "<group>"; };
		A21E9DDA28E743F6006A6EB8 /* DomainTestsHelper.swift */ = {isa = PBXFileReference; lastKnownFileType = sourcecode.swift; path = DomainTestsHelper.swift; sourceTree = "<group>"; };
		A21E9DDD28E74C0A006A6EB8 /* FruitsRepositoryMock.swift */ = {isa = PBXFileReference; lastKnownFileType = sourcecode.swift; path = FruitsRepositoryMock.swift; sourceTree = "<group>"; };
		A21E9DE028E74F7C006A6EB8 /* GetSmoothiesUseCaseTests.swift */ = {isa = PBXFileReference; lastKnownFileType = sourcecode.swift; path = GetSmoothiesUseCaseTests.swift; sourceTree = "<group>"; };
		A21E9DE228E7508A006A6EB8 /* SmoothiesRepositoryMock.swift */ = {isa = PBXFileReference; lastKnownFileType = sourcecode.swift; path = SmoothiesRepositoryMock.swift; sourceTree = "<group>"; };
		A21E9DE428E753B0006A6EB8 /* GetSmoothieUseCase.swift */ = {isa = PBXFileReference; lastKnownFileType = sourcecode.swift; path = GetSmoothieUseCase.swift; sourceTree = "<group>"; };
		A21E9DE628E754C8006A6EB8 /* GetSmoothieUseCaseTests.swift */ = {isa = PBXFileReference; lastKnownFileType = sourcecode.swift; path = GetSmoothieUseCaseTests.swift; sourceTree = "<group>"; };
		A22A376728E775FC009F58AC /* GetSmoothieTagsUseCase.swift */ = {isa = PBXFileReference; lastKnownFileType = sourcecode.swift; path = GetSmoothieTagsUseCase.swift; sourceTree = "<group>"; };
		A22A376928E77F40009F58AC /* GetSmoothieTagsUseCaseTests.swift */ = {isa = PBXFileReference; lastKnownFileType = sourcecode.swift; path = GetSmoothieTagsUseCaseTests.swift; sourceTree = "<group>"; };
		A281E1C628D943D90027B358 /* FruitNutrition.swift */ = {isa = PBXFileReference; lastKnownFileType = sourcecode.swift; path = FruitNutrition.swift; sourceTree = "<group>"; };
		A281E1C828D9443E0027B358 /* SmoothieStep.swift */ = {isa = PBXFileReference; lastKnownFileType = sourcecode.swift; path = SmoothieStep.swift; sourceTree = "<group>"; };
		A281E1CA28D9446A0027B358 /* SmoothieRecommended.swift */ = {isa = PBXFileReference; lastKnownFileType = sourcecode.swift; path = SmoothieRecommended.swift; sourceTree = "<group>"; };
		A281E1CC28D944A10027B358 /* SmoothieNutrition.swift */ = {isa = PBXFileReference; lastKnownFileType = sourcecode.swift; path = SmoothieNutrition.swift; sourceTree = "<group>"; };
		A281E1CE28D944CC0027B358 /* SmoothieTip.swift */ = {isa = PBXFileReference; lastKnownFileType = sourcecode.swift; path = SmoothieTip.swift; sourceTree = "<group>"; };
		A298AD0528D7FAEE0045DD73 /* Domain.framework */ = {isa = PBXFileReference; explicitFileType = wrapper.framework; includeInIndex = 0; path = Domain.framework; sourceTree = BUILT_PRODUCTS_DIR; };
/* End PBXFileReference section */

/* Begin PBXFrameworksBuildPhase section */
		A20DD30328D7FB6400CC08C5 /* Frameworks */ = {
			isa = PBXFrameworksBuildPhase;
			buildActionMask = 2147483647;
			files = (
				A20DD30A28D7FB6400CC08C5 /* Domain.framework in Frameworks */,
			);
			runOnlyForDeploymentPostprocessing = 0;
		};
		A298AD0228D7FAEE0045DD73 /* Frameworks */ = {
			isa = PBXFrameworksBuildPhase;
			buildActionMask = 2147483647;
			files = (
			);
			runOnlyForDeploymentPostprocessing = 0;
		};
/* End PBXFrameworksBuildPhase section */

/* Begin PBXGroup section */
		A20DD2F328D7FB4000CC08C5 /* RepositoryInterfaces */ = {
			isa = PBXGroup;
			children = (
				A20DD2F428D7FB4000CC08C5 /* SmoothiesRepositoryInterface.swift */,
				A20DD2F528D7FB4000CC08C5 /* FruitsRepositoryInterface.swift */,
			);
			path = RepositoryInterfaces;
			sourceTree = "<group>";
		};
		A20DD2F628D7FB4000CC08C5 /* Entities */ = {
			isa = PBXGroup;
			children = (
				A20DD2F728D7FB4000CC08C5 /* Fruit.swift */,
				A281E1C628D943D90027B358 /* FruitNutrition.swift */,
				A20DD2F828D7FB4000CC08C5 /* Smoothie.swift */,
				A281E1C828D9443E0027B358 /* SmoothieStep.swift */,
				A281E1CA28D9446A0027B358 /* SmoothieRecommended.swift */,
				A281E1CC28D944A10027B358 /* SmoothieNutrition.swift */,
				A281E1CE28D944CC0027B358 /* SmoothieTip.swift */,
			);
			path = Entities;
			sourceTree = "<group>";
		};
		A20DD2F928D7FB4000CC08C5 /* UseCases */ = {
			isa = PBXGroup;
			children = (
				A20DD2FA28D7FB4000CC08C5 /* GetFruitsUseCase.swift */,
				A20DD2FB28D7FB4000CC08C5 /* GetSmoothiesUseCase.swift */,
				A21E9DE428E753B0006A6EB8 /* GetSmoothieUseCase.swift */,
				A22A376728E775FC009F58AC /* GetSmoothieTagsUseCase.swift */,
			);
			path = UseCases;
			sourceTree = "<group>";
		};
		A20DD31028D7FB9500CC08C5 /* Tests */ = {
			isa = PBXGroup;
			children = (
				A21E9DDC28E74BF1006A6EB8 /* Mocks */,
				A21E9DDF28E74C26006A6EB8 /* UseCasesTests */,
				A21E9DDA28E743F6006A6EB8 /* DomainTestsHelper.swift */,
			);
			path = Tests;
			sourceTree = "<group>";
		};
		A21E9DDC28E74BF1006A6EB8 /* Mocks */ = {
			isa = PBXGroup;
			children = (
				A21E9DDD28E74C0A006A6EB8 /* FruitsRepositoryMock.swift */,
				A21E9DE228E7508A006A6EB8 /* SmoothiesRepositoryMock.swift */,
			);
			path = Mocks;
			sourceTree = "<group>";
		};
		A21E9DDF28E74C26006A6EB8 /* UseCasesTests */ = {
			isa = PBXGroup;
			children = (
				A21E9DD828E74070006A6EB8 /* GetFruitsUseCaseTests.swift */,
				A22A376928E77F40009F58AC /* GetSmoothieTagsUseCaseTests.swift */,
				A21E9DE628E754C8006A6EB8 /* GetSmoothieUseCaseTests.swift */,
				A21E9DE028E74F7C006A6EB8 /* GetSmoothiesUseCaseTests.swift */,
			);
			path = UseCasesTests;
			sourceTree = "<group>";
		};
		A298ACFB28D7FAEE0045DD73 = {
			isa = PBXGroup;
			children = (
				A20DD2F628D7FB4000CC08C5 /* Entities */,
				A20DD2F328D7FB4000CC08C5 /* RepositoryInterfaces */,
				A20DD2F928D7FB4000CC08C5 /* UseCases */,
				A20DD31028D7FB9500CC08C5 /* Tests */,
				A298AD0628D7FAEE0045DD73 /* Products */,
			);
			sourceTree = "<group>";
		};
		A298AD0628D7FAEE0045DD73 /* Products */ = {
			isa = PBXGroup;
			children = (
				A298AD0528D7FAEE0045DD73 /* Domain.framework */,
				A20DD30628D7FB6400CC08C5 /* DomainUnitTests.xctest */,
			);
			name = Products;
			sourceTree = "<group>";
		};
/* End PBXGroup section */

/* Begin PBXHeadersBuildPhase section */
		A298AD0028D7FAEE0045DD73 /* Headers */ = {
			isa = PBXHeadersBuildPhase;
			buildActionMask = 2147483647;
			files = (
			);
			runOnlyForDeploymentPostprocessing = 0;
		};
/* End PBXHeadersBuildPhase section */

/* Begin PBXNativeTarget section */
		A20DD30528D7FB6400CC08C5 /* DomainUnitTests */ = {
			isa = PBXNativeTarget;
			buildConfigurationList = A20DD30D28D7FB6400CC08C5 /* Build configuration list for PBXNativeTarget "DomainUnitTests" */;
			buildPhases = (
				A20DD30228D7FB6400CC08C5 /* Sources */,
				A20DD30328D7FB6400CC08C5 /* Frameworks */,
				A20DD30428D7FB6400CC08C5 /* Resources */,
			);
			buildRules = (
			);
			dependencies = (
				A20DD30C28D7FB6400CC08C5 /* PBXTargetDependency */,
			);
			name = DomainUnitTests;
			productName = DomainUnitTests;
			productReference = A20DD30628D7FB6400CC08C5 /* DomainUnitTests.xctest */;
			productType = "com.apple.product-type.bundle.unit-test";
		};
		A298AD0428D7FAEE0045DD73 /* Domain */ = {
			isa = PBXNativeTarget;
			buildConfigurationList = A298AD0C28D7FAEE0045DD73 /* Build configuration list for PBXNativeTarget "Domain" */;
			buildPhases = (
				A298AD0028D7FAEE0045DD73 /* Headers */,
				A298AD0128D7FAEE0045DD73 /* Sources */,
				A298AD0228D7FAEE0045DD73 /* Frameworks */,
				A298AD0328D7FAEE0045DD73 /* Resources */,
			);
			buildRules = (
			);
			dependencies = (
			);
			name = Domain;
			productName = Domain;
			productReference = A298AD0528D7FAEE0045DD73 /* Domain.framework */;
			productType = "com.apple.product-type.framework";
		};
/* End PBXNativeTarget section */

/* Begin PBXProject section */
		A298ACFC28D7FAEE0045DD73 /* Project object */ = {
			isa = PBXProject;
			attributes = {
				BuildIndependentTargetsInParallel = 1;
				LastSwiftUpdateCheck = 1400;
				LastUpgradeCheck = 1400;
				TargetAttributes = {
					A20DD30528D7FB6400CC08C5 = {
						CreatedOnToolsVersion = 14.0;
						LastSwiftMigration = 1400;
					};
					A298AD0428D7FAEE0045DD73 = {
						CreatedOnToolsVersion = 14.0;
					};
				};
			};
			buildConfigurationList = A298ACFF28D7FAEE0045DD73 /* Build configuration list for PBXProject "Domain" */;
			compatibilityVersion = "Xcode 14.0";
			developmentRegion = en;
			hasScannedForEncodings = 0;
			knownRegions = (
				en,
				Base,
			);
			mainGroup = A298ACFB28D7FAEE0045DD73;
			productRefGroup = A298AD0628D7FAEE0045DD73 /* Products */;
			projectDirPath = "";
			projectRoot = "";
			targets = (
				A298AD0428D7FAEE0045DD73 /* Domain */,
				A20DD30528D7FB6400CC08C5 /* DomainUnitTests */,
			);
		};
/* End PBXProject section */

/* Begin PBXResourcesBuildPhase section */
		A20DD30428D7FB6400CC08C5 /* Resources */ = {
			isa = PBXResourcesBuildPhase;
			buildActionMask = 2147483647;
			files = (
			);
			runOnlyForDeploymentPostprocessing = 0;
		};
		A298AD0328D7FAEE0045DD73 /* Resources */ = {
			isa = PBXResourcesBuildPhase;
			buildActionMask = 2147483647;
			files = (
			);
			runOnlyForDeploymentPostprocessing = 0;
		};
/* End PBXResourcesBuildPhase section */

/* Begin PBXSourcesBuildPhase section */
		A20DD30228D7FB6400CC08C5 /* Sources */ = {
			isa = PBXSourcesBuildPhase;
			buildActionMask = 2147483647;
			files = (
				A21E9DE128E74F7C006A6EB8 /* GetSmoothiesUseCaseTests.swift in Sources */,
				A22A376A28E77F40009F58AC /* GetSmoothieTagsUseCaseTests.swift in Sources */,
				A21E9DD928E74070006A6EB8 /* GetFruitsUseCaseTests.swift in Sources */,
				A21E9DE728E754C8006A6EB8 /* GetSmoothieUseCaseTests.swift in Sources */,
				A21E9DDE28E74C0A006A6EB8 /* FruitsRepositoryMock.swift in Sources */,
				A21E9DE328E7508A006A6EB8 /* SmoothiesRepositoryMock.swift in Sources */,
				A21E9DDB28E743F6006A6EB8 /* DomainTestsHelper.swift in Sources */,
			);
			runOnlyForDeploymentPostprocessing = 0;
		};
		A298AD0128D7FAEE0045DD73 /* Sources */ = {
			isa = PBXSourcesBuildPhase;
			buildActionMask = 2147483647;
			files = (
				A20DD30128D7FB4000CC08C5 /* GetSmoothiesUseCase.swift in Sources */,
				A281E1C928D9443E0027B358 /* SmoothieStep.swift in Sources */,
				A281E1CF28D944CC0027B358 /* SmoothieTip.swift in Sources */,
				A281E1CB28D9446A0027B358 /* SmoothieRecommended.swift in Sources */,
				A21E9DE528E753B0006A6EB8 /* GetSmoothieUseCase.swift in Sources */,
				A20DD2FE28D7FB4000CC08C5 /* Fruit.swift in Sources */,
				A281E1CD28D944A10027B358 /* SmoothieNutrition.swift in Sources */,
				A20DD2FF28D7FB4000CC08C5 /* Smoothie.swift in Sources */,
				A20DD2FD28D7FB4000CC08C5 /* FruitsRepositoryInterface.swift in Sources */,
				A20DD2FC28D7FB4000CC08C5 /* SmoothiesRepositoryInterface.swift in Sources */,
				A20DD30028D7FB4000CC08C5 /* GetFruitsUseCase.swift in Sources */,
				A22A376828E775FC009F58AC /* GetSmoothieTagsUseCase.swift in Sources */,
				A281E1C728D943D90027B358 /* FruitNutrition.swift in Sources */,
			);
			runOnlyForDeploymentPostprocessing = 0;
		};
/* End PBXSourcesBuildPhase section */

/* Begin PBXTargetDependency section */
		A20DD30C28D7FB6400CC08C5 /* PBXTargetDependency */ = {
			isa = PBXTargetDependency;
			target = A298AD0428D7FAEE0045DD73 /* Domain */;
			targetProxy = A20DD30B28D7FB6400CC08C5 /* PBXContainerItemProxy */;
		};
/* End PBXTargetDependency section */

/* Begin XCBuildConfiguration section */
		A20DD30E28D7FB6400CC08C5 /* Debug */ = {
			isa = XCBuildConfiguration;
			buildSettings = {
				CLANG_ENABLE_MODULES = YES;
				CODE_SIGN_STYLE = Automatic;
				CURRENT_PROJECT_VERSION = 1;
				GENERATE_INFOPLIST_FILE = YES;
				LD_RUNPATH_SEARCH_PATHS = (
					"$(inherited)",
					"@executable_path/Frameworks",
					"@loader_path/Frameworks",
				);
				MARKETING_VERSION = 1.0;
				PRODUCT_BUNDLE_IDENTIFIER = com.smoothie.DomainUnitTests;
				PRODUCT_NAME = "$(TARGET_NAME)";
				SWIFT_EMIT_LOC_STRINGS = NO;
				SWIFT_OPTIMIZATION_LEVEL = "-Onone";
				SWIFT_VERSION = 5.0;
				TARGETED_DEVICE_FAMILY = "1,2";
			};
			name = Debug;
		};
		A20DD30F28D7FB6400CC08C5 /* Release */ = {
			isa = XCBuildConfiguration;
			buildSettings = {
				CLANG_ENABLE_MODULES = YES;
				CODE_SIGN_STYLE = Automatic;
				CURRENT_PROJECT_VERSION = 1;
				GENERATE_INFOPLIST_FILE = YES;
				LD_RUNPATH_SEARCH_PATHS = (
					"$(inherited)",
					"@executable_path/Frameworks",
					"@loader_path/Frameworks",
				);
				MARKETING_VERSION = 1.0;
				PRODUCT_BUNDLE_IDENTIFIER = com.smoothie.DomainUnitTests;
				PRODUCT_NAME = "$(TARGET_NAME)";
				SWIFT_EMIT_LOC_STRINGS = NO;
				SWIFT_VERSION = 5.0;
				TARGETED_DEVICE_FAMILY = "1,2";
			};
			name = Release;
		};
		A298AD0A28D7FAEE0045DD73 /* Debug */ = {
			isa = XCBuildConfiguration;
			buildSettings = {
				ALWAYS_SEARCH_USER_PATHS = NO;
				CLANG_ANALYZER_NONNULL = YES;
				CLANG_ANALYZER_NUMBER_OBJECT_CONVERSION = YES_AGGRESSIVE;
				CLANG_CXX_LANGUAGE_STANDARD = "gnu++20";
				CLANG_ENABLE_MODULES = YES;
				CLANG_ENABLE_OBJC_ARC = YES;
				CLANG_ENABLE_OBJC_WEAK = YES;
				CLANG_WARN_BLOCK_CAPTURE_AUTORELEASING = YES;
				CLANG_WARN_BOOL_CONVERSION = YES;
				CLANG_WARN_COMMA = YES;
				CLANG_WARN_CONSTANT_CONVERSION = YES;
				CLANG_WARN_DEPRECATED_OBJC_IMPLEMENTATIONS = YES;
				CLANG_WARN_DIRECT_OBJC_ISA_USAGE = YES_ERROR;
				CLANG_WARN_DOCUMENTATION_COMMENTS = YES;
				CLANG_WARN_EMPTY_BODY = YES;
				CLANG_WARN_ENUM_CONVERSION = YES;
				CLANG_WARN_INFINITE_RECURSION = YES;
				CLANG_WARN_INT_CONVERSION = YES;
				CLANG_WARN_NON_LITERAL_NULL_CONVERSION = YES;
				CLANG_WARN_OBJC_IMPLICIT_RETAIN_SELF = YES;
				CLANG_WARN_OBJC_LITERAL_CONVERSION = YES;
				CLANG_WARN_OBJC_ROOT_CLASS = YES_ERROR;
				CLANG_WARN_QUOTED_INCLUDE_IN_FRAMEWORK_HEADER = YES;
				CLANG_WARN_RANGE_LOOP_ANALYSIS = YES;
				CLANG_WARN_STRICT_PROTOTYPES = YES;
				CLANG_WARN_SUSPICIOUS_MOVE = YES;
				CLANG_WARN_UNGUARDED_AVAILABILITY = YES_AGGRESSIVE;
				CLANG_WARN_UNREACHABLE_CODE = YES;
				CLANG_WARN__DUPLICATE_METHOD_MATCH = YES;
				COPY_PHASE_STRIP = NO;
				CURRENT_PROJECT_VERSION = 1;
				DEBUG_INFORMATION_FORMAT = dwarf;
				ENABLE_STRICT_OBJC_MSGSEND = YES;
				ENABLE_TESTABILITY = YES;
				GCC_C_LANGUAGE_STANDARD = gnu11;
				GCC_DYNAMIC_NO_PIC = NO;
				GCC_NO_COMMON_BLOCKS = YES;
				GCC_OPTIMIZATION_LEVEL = 0;
				GCC_PREPROCESSOR_DEFINITIONS = (
					"DEBUG=1",
					"$(inherited)",
				);
				GCC_WARN_64_TO_32_BIT_CONVERSION = YES;
				GCC_WARN_ABOUT_RETURN_TYPE = YES_ERROR;
				GCC_WARN_UNDECLARED_SELECTOR = YES;
				GCC_WARN_UNINITIALIZED_AUTOS = YES_AGGRESSIVE;
				GCC_WARN_UNUSED_FUNCTION = YES;
				GCC_WARN_UNUSED_VARIABLE = YES;
				IPHONEOS_DEPLOYMENT_TARGET = 13.0;
				MTL_ENABLE_DEBUG_INFO = INCLUDE_SOURCE;
				MTL_FAST_MATH = YES;
				ONLY_ACTIVE_ARCH = YES;
				SDKROOT = iphoneos;
				SWIFT_ACTIVE_COMPILATION_CONDITIONS = DEBUG;
				SWIFT_OPTIMIZATION_LEVEL = "-Onone";
				VERSIONING_SYSTEM = "apple-generic";
				VERSION_INFO_PREFIX = "";
			};
			name = Debug;
		};
		A298AD0B28D7FAEE0045DD73 /* Release */ = {
			isa = XCBuildConfiguration;
			buildSettings = {
				ALWAYS_SEARCH_USER_PATHS = NO;
				CLANG_ANALYZER_NONNULL = YES;
				CLANG_ANALYZER_NUMBER_OBJECT_CONVERSION = YES_AGGRESSIVE;
				CLANG_CXX_LANGUAGE_STANDARD = "gnu++20";
				CLANG_ENABLE_MODULES = YES;
				CLANG_ENABLE_OBJC_ARC = YES;
				CLANG_ENABLE_OBJC_WEAK = YES;
				CLANG_WARN_BLOCK_CAPTURE_AUTORELEASING = YES;
				CLANG_WARN_BOOL_CONVERSION = YES;
				CLANG_WARN_COMMA = YES;
				CLANG_WARN_CONSTANT_CONVERSION = YES;
				CLANG_WARN_DEPRECATED_OBJC_IMPLEMENTATIONS = YES;
				CLANG_WARN_DIRECT_OBJC_ISA_USAGE = YES_ERROR;
				CLANG_WARN_DOCUMENTATION_COMMENTS = YES;
				CLANG_WARN_EMPTY_BODY = YES;
				CLANG_WARN_ENUM_CONVERSION = YES;
				CLANG_WARN_INFINITE_RECURSION = YES;
				CLANG_WARN_INT_CONVERSION = YES;
				CLANG_WARN_NON_LITERAL_NULL_CONVERSION = YES;
				CLANG_WARN_OBJC_IMPLICIT_RETAIN_SELF = YES;
				CLANG_WARN_OBJC_LITERAL_CONVERSION = YES;
				CLANG_WARN_OBJC_ROOT_CLASS = YES_ERROR;
				CLANG_WARN_QUOTED_INCLUDE_IN_FRAMEWORK_HEADER = YES;
				CLANG_WARN_RANGE_LOOP_ANALYSIS = YES;
				CLANG_WARN_STRICT_PROTOTYPES = YES;
				CLANG_WARN_SUSPICIOUS_MOVE = YES;
				CLANG_WARN_UNGUARDED_AVAILABILITY = YES_AGGRESSIVE;
				CLANG_WARN_UNREACHABLE_CODE = YES;
				CLANG_WARN__DUPLICATE_METHOD_MATCH = YES;
				COPY_PHASE_STRIP = NO;
				CURRENT_PROJECT_VERSION = 1;
				DEBUG_INFORMATION_FORMAT = "dwarf-with-dsym";
				ENABLE_NS_ASSERTIONS = NO;
				ENABLE_STRICT_OBJC_MSGSEND = YES;
				GCC_C_LANGUAGE_STANDARD = gnu11;
				GCC_NO_COMMON_BLOCKS = YES;
				GCC_WARN_64_TO_32_BIT_CONVERSION = YES;
				GCC_WARN_ABOUT_RETURN_TYPE = YES_ERROR;
				GCC_WARN_UNDECLARED_SELECTOR = YES;
				GCC_WARN_UNINITIALIZED_AUTOS = YES_AGGRESSIVE;
				GCC_WARN_UNUSED_FUNCTION = YES;
				GCC_WARN_UNUSED_VARIABLE = YES;
				IPHONEOS_DEPLOYMENT_TARGET = 13.0;
				MTL_ENABLE_DEBUG_INFO = NO;
				MTL_FAST_MATH = YES;
				SDKROOT = iphoneos;
				SWIFT_COMPILATION_MODE = wholemodule;
				SWIFT_OPTIMIZATION_LEVEL = "-O";
				VALIDATE_PRODUCT = YES;
				VERSIONING_SYSTEM = "apple-generic";
				VERSION_INFO_PREFIX = "";
			};
			name = Release;
		};
		A298AD0D28D7FAEE0045DD73 /* Debug */ = {
			isa = XCBuildConfiguration;
			buildSettings = {
				CODE_SIGN_STYLE = Automatic;
				CURRENT_PROJECT_VERSION = 1;
				DEFINES_MODULE = YES;
				DYLIB_COMPATIBILITY_VERSION = 1;
				DYLIB_CURRENT_VERSION = 1;
				DYLIB_INSTALL_NAME_BASE = "@rpath";
				GENERATE_INFOPLIST_FILE = YES;
				INFOPLIST_KEY_NSHumanReadableCopyright = "";
				INSTALL_PATH = "$(LOCAL_LIBRARY_DIR)/Frameworks";
				LD_RUNPATH_SEARCH_PATHS = (
					"$(inherited)",
					"@executable_path/Frameworks",
					"@loader_path/Frameworks",
				);
				MARKETING_VERSION = 1.0;
				PRODUCT_BUNDLE_IDENTIFIER = com.smoothie.Domain;
				PRODUCT_NAME = "$(TARGET_NAME:c99extidentifier)";
				SKIP_INSTALL = YES;
				SWIFT_EMIT_LOC_STRINGS = YES;
				SWIFT_VERSION = 5.0;
				TARGETED_DEVICE_FAMILY = "1,2";
			};
			name = Debug;
		};
		A298AD0E28D7FAEE0045DD73 /* Release */ = {
			isa = XCBuildConfiguration;
			buildSettings = {
				CODE_SIGN_STYLE = Automatic;
				CURRENT_PROJECT_VERSION = 1;
				DEFINES_MODULE = YES;
				DYLIB_COMPATIBILITY_VERSION = 1;
				DYLIB_CURRENT_VERSION = 1;
				DYLIB_INSTALL_NAME_BASE = "@rpath";
				GENERATE_INFOPLIST_FILE = YES;
				INFOPLIST_KEY_NSHumanReadableCopyright = "";
				INSTALL_PATH = "$(LOCAL_LIBRARY_DIR)/Frameworks";
				LD_RUNPATH_SEARCH_PATHS = (
					"$(inherited)",
					"@executable_path/Frameworks",
					"@loader_path/Frameworks",
				);
				MARKETING_VERSION = 1.0;
				PRODUCT_BUNDLE_IDENTIFIER = com.smoothie.Domain;
				PRODUCT_NAME = "$(TARGET_NAME:c99extidentifier)";
				SKIP_INSTALL = YES;
				SWIFT_EMIT_LOC_STRINGS = YES;
				SWIFT_VERSION = 5.0;
				TARGETED_DEVICE_FAMILY = "1,2";
			};
			name = Release;
		};
/* End XCBuildConfiguration section */

/* Begin XCConfigurationList section */
		A20DD30D28D7FB6400CC08C5 /* Build configuration list for PBXNativeTarget "DomainUnitTests" */ = {
			isa = XCConfigurationList;
			buildConfigurations = (
				A20DD30E28D7FB6400CC08C5 /* Debug */,
				A20DD30F28D7FB6400CC08C5 /* Release */,
			);
			defaultConfigurationIsVisible = 0;
			defaultConfigurationName = Release;
		};
		A298ACFF28D7FAEE0045DD73 /* Build configuration list for PBXProject "Domain" */ = {
			isa = XCConfigurationList;
			buildConfigurations = (
				A298AD0A28D7FAEE0045DD73 /* Debug */,
				A298AD0B28D7FAEE0045DD73 /* Release */,
			);
			defaultConfigurationIsVisible = 0;
			defaultConfigurationName = Release;
		};
		A298AD0C28D7FAEE0045DD73 /* Build configuration list for PBXNativeTarget "Domain" */ = {
			isa = XCConfigurationList;
			buildConfigurations = (
				A298AD0D28D7FAEE0045DD73 /* Debug */,
				A298AD0E28D7FAEE0045DD73 /* Release */,
			);
			defaultConfigurationIsVisible = 0;
			defaultConfigurationName = Release;
		};
/* End XCConfigurationList section */
	};
	rootObject = A298ACFC28D7FAEE0045DD73 /* Project object */;
}
